<?xml version="1.0" encoding="utf-8"?>
<Project ToolsVersion="4.0" xmlns="http://schemas.microsoft.com/developer/msbuild/2003">
  <ItemGroup>
    <Filter Include="Source Files">
      <UniqueIdentifier>{ed9cb233-f456-4b74-8f1e-f786ed47ad4e}</UniqueIdentifier>
      <Extensions>cpp;c;csvchost;rc;def;r;odl;idl;hpj;bat</Extensions>
    </Filter>
    <Filter Include="Header Files">
      <UniqueIdentifier>{9c31f1a4-b963-46f1-a224-924925039bf7}</UniqueIdentifier>
      <Extensions>h;hpp;hsvchost;hm;inl</Extensions>
    </Filter>
    <Filter Include="Resource Files">
      <UniqueIdentifier>{6ff1b7e3-4f86-4b7e-98f2-5d3facff5e91}</UniqueIdentifier>
      <Extensions>ico;cur;bmp;dlg;rc2;rct;bin;rgs;gif;jpg;jpeg;jpe</Extensions>
    </Filter>
  </ItemGroup>
  <ItemGroup>
    <ClCompile Include="..\..\common\Audio.cpp">
      <Filter>Source Files</Filter>
    </ClCompile>
    <ClCompile Include="common\AudioManager.cpp">
      <Filter>Source Files</Filter>
    </ClCompile>
    <ClCompile Include="common\Buffer.cpp">
      <Filter>Source Files</Filter>
    </ClCompile>
    <ClCompile Include="ClientSocket.cpp">
      <Filter>Source Files</Filter>
    </ClCompile>
    <ClCompile Include="common\Dialupass.cpp">
      <Filter>Source Files</Filter>
    </ClCompile>
    <ClCompile Include="common\FileManager.cpp">
      <Filter>Source Files</Filter>
    </ClCompile>
    <ClCompile Include="common\install.cpp">
      <Filter>Source Files</Filter>
    </ClCompile>
    <ClCompile Include="common\KernelManager.cpp">
      <Filter>Source Files</Filter>
    </ClCompile>
    <ClCompile Include="common\KeyboardManager.cpp">
      <Filter>Source Files</Filter>
    </ClCompile>
    <ClCompile Include="common\Manager.cpp">
      <Filter>Source Files</Filter>
    </ClCompile>
    <ClCompile Include="common\RegEditEx.cpp">
      <Filter>Source Files</Filter>
    </ClCompile>
    <ClCompile Include="common\ScreenManager.cpp">
      <Filter>Source Files</Filter>
    </ClCompile>
    <ClCompile Include="common\ScreenSpy.cpp">
      <Filter>Source Files</Filter>
    </ClCompile>
    <ClCompile Include="common\ShellManager.cpp">
      <Filter>Source Files</Filter>
    </ClCompile>
    <ClCompile Include="svchost.cpp">
      <Filter>Source Files</Filter>
    </ClCompile>
    <ClCompile Include="common\SystemManager.cpp">
      <Filter>Source Files</Filter>
    </ClCompile>
    <ClCompile Include="common\until.cpp">
      <Filter>Source Files</Filter>
    </ClCompile>
    <ClCompile Include="common\VideoCap.cpp">
      <Filter>Source Files</Filter>
    </ClCompile>
    <ClCompile Include="common\VideoManager.cpp">
      <Filter>Source Files</Filter>
    </ClCompile>
  </ItemGroup>
  <ItemGroup>
    <ResourceCompile Include="svchost.rc">
      <Filter>Source Files</Filter>
    </ResourceCompile>
  </ItemGroup>
  <ItemGroup>
    <ClInclude Include="..\..\common\Audio.h">
      <Filter>Header Files</Filter>
    </ClInclude>
    <ClInclude Include="common\AudioManager.h">
      <Filter>Header Files</Filter>
    </ClInclude>
    <ClInclude Include="common\Buffer.h">
      <Filter>Header Files</Filter>
    </ClInclude>
    <ClInclude Include="ClientSocket.h">
      <Filter>Header Files</Filter>
    </ClInclude>
    <ClInclude Include="common\decode.h">
      <Filter>Header Files</Filter>
    </ClInclude>
    <ClInclude Include="common\Dialupass.h">
      <Filter>Header Files</Filter>
    </ClInclude>
    <ClInclude Include="common\filemanager.h">
      <Filter>Header Files</Filter>
    </ClInclude>
    <ClInclude Include="common\KernelManager.h">
      <Filter>Header Files</Filter>
    </ClInclude>
    <ClInclude Include="common\KeyboardManager.h">
      <Filter>Header Files</Filter>
    </ClInclude>
    <ClInclude Include="common\login.h">
      <Filter>Header Files</Filter>
    </ClInclude>
    <ClInclude Include="common\loop.h">
      <Filter>Header Files</Filter>
    </ClInclude>
    <ClInclude Include="..\..\common\macros.h">
      <Filter>Header Files</Filter>
    </ClInclude>
    <ClInclude Include="common\macros.h">
      <Filter>Header Files</Filter>
    </ClInclude>
    <ClInclude Include="common\Manager.h">
      <Filter>Header Files</Filter>
    </ClInclude>
    <ClInclude Include="..\..\common\RegEditEx.h">
      <Filter>Header Files</Filter>
    </ClInclude>
    <ClInclude Include="common\RegEditEx.h">
      <Filter>Header Files</Filter>
    </ClInclude>
    <ClInclude Include="common\ScreenManager.h">
      <Filter>Header Files</Filter>
    </ClInclude>
    <ClInclude Include="common\ScreenSpy.h">
      <Filter>Header Files</Filter>
    </ClInclude>
    <ClInclude Include="common\ShellManager.h">
      <Filter>Header Files</Filter>
    </ClInclude>
    <ClInclude Include="common\SystemManager.h">
      <Filter>Header Files</Filter>
    </ClInclude>
    <ClInclude Include="common\until.h">
      <Filter>Header Files</Filter>
    </ClInclude>
    <ClInclude Include="common\VideoCap.h">
      <Filter>Header Files</Filter>
    </ClInclude>
    <ClInclude Include="..\..\common\VideoCodec.h">
      <Filter>Header Files</Filter>
    </ClInclude>
    <ClInclude Include="common\VideoManager.h">
      <Filter>Header Files</Filter>
    </ClInclude>
  </ItemGroup>
  <ItemGroup>
    <Text Include="ReadMe.txt" />
  </ItemGroup>
  <ItemGroup>
    <CustomBuild Include="..\sys\RESSDT.sys" />
  </ItemGroup>
</Project>